// !$*UTF8*$!
{
	archiveVersion = 1;
	classes = {
	};
	objectVersion = 77;
	objects = {

/* Begin PBXBuildFile section */
		118C25A32EF9A06C00E99E95 /* MLX in Frameworks */ = {isa = PBXBuildFile; productRef = 118C25A22EF9A06C00E99E95 /* MLX */; };
		118C25A52EF9A06C00E99E95 /* MLXFFT in Frameworks */ = {isa = PBXBuildFile; productRef = 118C25A42EF9A06C00E99E95 /* MLXFFT */; };
		118C25A72EF9A06C00E99E95 /* MLXFast in Frameworks */ = {isa = PBXBuildFile; productRef = 118C25A62EF9A06C00E99E95 /* MLXFast */; };
		118C25A92EF9A06C00E99E95 /* MLXLinalg in Frameworks */ = {isa = PBXBuildFile; productRef = 118C25A82EF9A06C00E99E95 /* MLXLinalg */; };
		118C25AB2EF9A06C00E99E95 /* MLXNN in Frameworks */ = {isa = PBXBuildFile; productRef = 118C25AA2EF9A06C00E99E95 /* MLXNN */; };
		11FB20B72F01E52A003E876F /* MLXEmbedders in Frameworks */ = {isa = PBXBuildFile; productRef = 11FB20B62F01E52A003E876F /* MLXEmbedders */; };
		11FB20B92F01E52A003E876F /* MLXLLM in Frameworks */ = {isa = PBXBuildFile; productRef = 11FB20B82F01E52A003E876F /* MLXLLM */; };
		11FB20BB2F01E52A003E876F /* MLXLMCommon in Frameworks */ = {isa = PBXBuildFile; productRef = 11FB20BA2F01E52A003E876F /* MLXLMCommon */; };
/* End PBXBuildFile section */

/* Begin PBXCopyFilesBuildPhase section */
		118C25952EF9A00400E99E95 /* CopyFiles */ = {
			isa = PBXCopyFilesBuildPhase;
			buildActionMask = 2147483647;
			dstPath = /usr/share/man/man1/;
			dstSubfolderSpec = 0;
			files = (
			);
			runOnlyForDeploymentPostprocessing = 1;
		};
/* End PBXCopyFilesBuildPhase section */

/* Begin PBXFileReference section */
		118C25972EF9A00400E99E95 /* MLXSTMBot */ = {isa = PBXFileReference; explicitFileType = "compiled.mach-o.executable"; includeInIndex = 0; path = MLXSTMBot; sourceTree = BUILT_PRODUCTS_DIR; };
/* End PBXFileReference section */

/* Begin PBXFileSystemSynchronizedRootGroup section */
		118C25992EF9A00400E99E95 /* MLXSTMBot */ = {
			isa = PBXFileSystemSynchronizedRootGroup;
			path = MLXSTMBot;
			sourceTree = "<group>";
		};
/* End PBXFileSystemSynchronizedRootGroup section */

/* Begin PBXFrameworksBuildPhase section */
		118C25942EF9A00400E99E95 /* Frameworks */ = {
			isa = PBXFrameworksBuildPhase;
			buildActionMask = 2147483647;
			files = (
				11FB20B92F01E52A003E876F /* MLXLLM in Frameworks */,
				118C25A72EF9A06C00E99E95 /* MLXFast in Frameworks */,
				118C25A92EF9A06C00E99E95 /* MLXLinalg in Frameworks */,
				11FB20B72F01E52A003E876F /* MLXEmbedders in Frameworks */,
				118C25A32EF9A06C00E99E95 /* MLX in Frameworks */,
				118C25AB2EF9A06C00E99E95 /* MLXNN in Frameworks */,
				11FB20BB2F01E52A003E876F /* MLXLMCommon in Frameworks */,
				118C25A52EF9A06C00E99E95 /* MLXFFT in Frameworks */,
			);
			runOnlyForDeploymentPostprocessing = 0;
		};
/* End PBXFrameworksBuildPhase section */

/* Begin PBXGroup section */
		118C258E2EF9A00400E99E95 = {
			isa = PBXGroup;
			children = (
				118C25992EF9A00400E99E95 /* MLXSTMBot */,
				118C25982EF9A00400E99E95 /* Products */,
			);
			sourceTree = "<group>";
		};
		118C25982EF9A00400E99E95 /* Products */ = {
			isa = PBXGroup;
			children = (
				118C25972EF9A00400E99E95 /* MLXSTMBot */,
			);
			name = Products;
			sourceTree = "<group>";
		};
/* End PBXGroup section */

/* Begin PBXNativeTarget section */
		118C25962EF9A00400E99E95 /* MLXSTMBot */ = {
			isa = PBXNativeTarget;
			buildConfigurationList = 118C259E2EF9A00400E99E95 /* Build configuration list for PBXNativeTarget "MLXSTMBot" */;
			buildPhases = (
				118C25932EF9A00400E99E95 /* Sources */,
				118C25942EF9A00400E99E95 /* Frameworks */,
				118C25952EF9A00400E99E95 /* CopyFiles */,
			);
			buildRules = (
			);
			dependencies = (
			);
			fileSystemSynchronizedGroups = (
				118C25992EF9A00400E99E95 /* MLXSTMBot */,
			);
			name = MLXSTMBot;
			packageProductDependencies = (
				118C25A22EF9A06C00E99E95 /* MLX */,
				118C25A42EF9A06C00E99E95 /* MLXFFT */,
				118C25A62EF9A06C00E99E95 /* MLXFast */,
				118C25A82EF9A06C00E99E95 /* MLXLinalg */,
				118C25AA2EF9A06C00E99E95 /* MLXNN */,
				11FB20B62F01E52A003E876F /* MLXEmbedders */,
				11FB20B82F01E52A003E876F /* MLXLLM */,
				11FB20BA2F01E52A003E876F /* MLXLMCommon */,
			);
			productName = MLXSTMBot;
			productReference = 118C25972EF9A00400E99E95 /* MLXSTMBot */;
			productType = "com.apple.product-type.tool";
		};
/* End PBXNativeTarget section */

/* Begin PBXProject section */
		118C258F2EF9A00400E99E95 /* Project object */ = {
			isa = PBXProject;
			attributes = {
				BuildIndependentTargetsInParallel = 1;
				LastSwiftUpdateCheck = 2610;
				LastUpgradeCheck = 2610;
				TargetAttributes = {
					118C25962EF9A00400E99E95 = {
						CreatedOnToolsVersion = 26.1.1;
					};
				};
			};
			buildConfigurationList = 118C25922EF9A00400E99E95 /* Build configuration list for PBXProject "MLXSTMBot" */;
			developmentRegion = en;
			hasScannedForEncodings = 0;
			knownRegions = (
				en,
				Base,
			);
			mainGroup = 118C258E2EF9A00400E99E95;
			minimizedProjectReferenceProxies = 1;
			packageReferences = (
				118C25A12EF9A06C00E99E95 /* XCRemoteSwiftPackageReference "mlx-swift" */,
				11FB20B52F01E52A003E876F /* XCRemoteSwiftPackageReference "mlx-swift-examples" */,
			);
			preferredProjectObjectVersion = 77;
			productRefGroup = 118C25982EF9A00400E99E95 /* Products */;
			projectDirPath = "";
			projectRoot = "";
			targets = (
				118C25962EF9A00400E99E95 /* MLXSTMBot */,
			);
		};
/* End PBXProject section */

/* Begin PBXSourcesBuildPhase section */
		118C25932EF9A00400E99E95 /* Sources */ = {
			isa = PBXSourcesBuildPhase;
			buildActionMask = 2147483647;
			files = (
			);
			runOnlyForDeploymentPostprocessing = 0;
		};
/* End PBXSourcesBuildPhase section */

/* Begin XCBuildConfiguration section */
		118C259C2EF9A00400E99E95 /* Debug */ = {
			isa = XCBuildConfiguration;
			buildSettings = {
				ALWAYS_SEARCH_USER_PATHS = NO;
				ASSETCATALOG_COMPILER_GENERATE_SWIFT_ASSET_SYMBOL_EXTENSIONS = YES;
				CLANG_ANALYZER_NONNULL = YES;
				CLANG_ANALYZER_NUMBER_OBJECT_CONVERSION = YES_AGGRESSIVE;
				CLANG_CXX_LANGUAGE_STANDARD = "gnu++20";
				CLANG_ENABLE_MODULES = YES;
				CLANG_ENABLE_OBJC_ARC = YES;
				CLANG_ENABLE_OBJC_WEAK = YES;
				CLANG_WARN_BLOCK_CAPTURE_AUTORELEASING = YES;
				CLANG_WARN_BOOL_CONVERSION = YES;
				CLANG_WARN_COMMA = YES;
				CLANG_WARN_CONSTANT_CONVERSION = YES;
				CLANG_WARN_DEPRECATED_OBJC_IMPLEMENTATIONS = YES;
				CLANG_WARN_DIRECT_OBJC_ISA_USAGE = YES_ERROR;
				CLANG_WARN_DOCUMENTATION_COMMENTS = YES;
				CLANG_WARN_EMPTY_BODY = YES;
				CLANG_WARN_ENUM_CONVERSION = YES;
				CLANG_WARN_INFINITE_RECURSION = YES;
				CLANG_WARN_INT_CONVERSION = YES;
				CLANG_WARN_NON_LITERAL_NULL_CONVERSION = YES;
				CLANG_WARN_OBJC_IMPLICIT_RETAIN_SELF = YES;
				CLANG_WARN_OBJC_LITERAL_CONVERSION = YES;
				CLANG_WARN_OBJC_ROOT_CLASS = YES_ERROR;
				CLANG_WARN_QUOTED_INCLUDE_IN_FRAMEWORK_HEADER = YES;
				CLANG_WARN_RANGE_LOOP_ANALYSIS = YES;
				CLANG_WARN_STRICT_PROTOTYPES = YES;
				CLANG_WARN_SUSPICIOUS_MOVE = YES;
				CLANG_WARN_UNGUARDED_AVAILABILITY = YES_AGGRESSIVE;
				CLANG_WARN_UNREACHABLE_CODE = YES;
				CLANG_WARN__DUPLICATE_METHOD_MATCH = YES;
				COPY_PHASE_STRIP = NO;
				DEBUG_INFORMATION_FORMAT = dwarf;
				DEVELOPMENT_TEAM = D9VBS8XHR6;
				ENABLE_STRICT_OBJC_MSGSEND = YES;
				ENABLE_TESTABILITY = YES;
				ENABLE_USER_SCRIPT_SANDBOXING = YES;
				GCC_C_LANGUAGE_STANDARD = gnu17;
				GCC_DYNAMIC_NO_PIC = NO;
				GCC_NO_COMMON_BLOCKS = YES;
				GCC_OPTIMIZATION_LEVEL = 0;
				GCC_PREPROCESSOR_DEFINITIONS = (
					"DEBUG=1",
					"$(inherited)",
				);
				GCC_WARN_64_TO_32_BIT_CONVERSION = YES;
				GCC_WARN_ABOUT_RETURN_TYPE = YES_ERROR;
				GCC_WARN_UNDECLARED_SELECTOR = YES;
				GCC_WARN_UNINITIALIZED_AUTOS = YES_AGGRESSIVE;
				GCC_WARN_UNUSED_FUNCTION = YES;
				GCC_WARN_UNUSED_VARIABLE = YES;
				LOCALIZATION_PREFERS_STRING_CATALOGS = YES;
				MACOSX_DEPLOYMENT_TARGET = 26.1;
				MTL_ENABLE_DEBUG_INFO = INCLUDE_SOURCE;
				MTL_FAST_MATH = YES;
				ONLY_ACTIVE_ARCH = YES;
				SDKROOT = macosx;
				SWIFT_ACTIVE_COMPILATION_CONDITIONS = "DEBUG $(inherited)";
				SWIFT_OPTIMIZATION_LEVEL = "-Onone";
			};
			name = Debug;
		};
		118C259D2EF9A00400E99E95 /* Release */ = {
			isa = XCBuildConfiguration;
			buildSettings = {
				ALWAYS_SEARCH_USER_PATHS = NO;
				ASSETCATALOG_COMPILER_GENERATE_SWIFT_ASSET_SYMBOL_EXTENSIONS = YES;
				CLANG_ANALYZER_NONNULL = YES;
				CLANG_ANALYZER_NUMBER_OBJECT_CONVERSION = YES_AGGRESSIVE;
				CLANG_CXX_LANGUAGE_STANDARD = "gnu++20";
				CLANG_ENABLE_MODULES = YES;
				CLANG_ENABLE_OBJC_ARC = YES;
				CLANG_ENABLE_OBJC_WEAK = YES;
				CLANG_WARN_BLOCK_CAPTURE_AUTORELEASING = YES;
				CLANG_WARN_BOOL_CONVERSION = YES;
				CLANG_WARN_COMMA = YES;
				CLANG_WARN_CONSTANT_CONVERSION = YES;
				CLANG_WARN_DEPRECATED_OBJC_IMPLEMENTATIONS = YES;
				CLANG_WARN_DIRECT_OBJC_ISA_USAGE = YES_ERROR;
				CLANG_WARN_DOCUMENTATION_COMMENTS = YES;
				CLANG_WARN_EMPTY_BODY = YES;
				CLANG_WARN_ENUM_CONVERSION = YES;
				CLANG_WARN_INFINITE_RECURSION = YES;
				CLANG_WARN_INT_CONVERSION = YES;
				CLANG_WARN_NON_LITERAL_NULL_CONVERSION = YES;
				CLANG_WARN_OBJC_IMPLICIT_RETAIN_SELF = YES;
				CLANG_WARN_OBJC_LITERAL_CONVERSION = YES;
				CLANG_WARN_OBJC_ROOT_CLASS = YES_ERROR;
				CLANG_WARN_QUOTED_INCLUDE_IN_FRAMEWORK_HEADER = YES;
				CLANG_WARN_RANGE_LOOP_ANALYSIS = YES;
				CLANG_WARN_STRICT_PROTOTYPES = YES;
				CLANG_WARN_SUSPICIOUS_MOVE = YES;
				CLANG_WARN_UNGUARDED_AVAILABILITY = YES_AGGRESSIVE;
				CLANG_WARN_UNREACHABLE_CODE = YES;
				CLANG_WARN__DUPLICATE_METHOD_MATCH = YES;
				COPY_PHASE_STRIP = NO;
				DEBUG_INFORMATION_FORMAT = "dwarf-with-dsym";
				DEVELOPMENT_TEAM = D9VBS8XHR6;
				ENABLE_NS_ASSERTIONS = NO;
				ENABLE_STRICT_OBJC_MSGSEND = YES;
				ENABLE_USER_SCRIPT_SANDBOXING = YES;
				GCC_C_LANGUAGE_STANDARD = gnu17;
				GCC_NO_COMMON_BLOCKS = YES;
				GCC_WARN_64_TO_32_BIT_CONVERSION = YES;
				GCC_WARN_ABOUT_RETURN_TYPE = YES_ERROR;
				GCC_WARN_UNDECLARED_SELECTOR = YES;
				GCC_WARN_UNINITIALIZED_AUTOS = YES_AGGRESSIVE;
				GCC_WARN_UNUSED_FUNCTION = YES;
				GCC_WARN_UNUSED_VARIABLE = YES;
				LOCALIZATION_PREFERS_STRING_CATALOGS = YES;
				MACOSX_DEPLOYMENT_TARGET = 26.1;
				MTL_ENABLE_DEBUG_INFO = NO;
				MTL_FAST_MATH = YES;
				SDKROOT = macosx;
				SWIFT_COMPILATION_MODE = wholemodule;
			};
			name = Release;
		};
		118C259F2EF9A00400E99E95 /* Debug */ = {
			isa = XCBuildConfiguration;
			buildSettings = {
				CODE_SIGN_STYLE = Automatic;
				DEVELOPMENT_TEAM = D9VBS8XHR6;
				ENABLE_HARDENED_RUNTIME = YES;
				PRODUCT_NAME = "$(TARGET_NAME)";
				SWIFT_APPROACHABLE_CONCURRENCY = YES;
				SWIFT_UPCOMING_FEATURE_MEMBER_IMPORT_VISIBILITY = YES;
				SWIFT_VERSION = 5.0;
			};
			name = Debug;
		};
		118C25A02EF9A00400E99E95 /* Release */ = {
			isa = XCBuildConfiguration;
			buildSettings = {
				CODE_SIGN_STYLE = Automatic;
				DEVELOPMENT_TEAM = D9VBS8XHR6;
				ENABLE_HARDENED_RUNTIME = YES;
				PRODUCT_NAME = "$(TARGET_NAME)";
				SWIFT_APPROACHABLE_CONCURRENCY = YES;
				SWIFT_UPCOMING_FEATURE_MEMBER_IMPORT_VISIBILITY = YES;
				SWIFT_VERSION = 5.0;
			};
			name = Release;
		};
/* End XCBuildConfiguration section */

/* Begin XCConfigurationList section */
		118C25922EF9A00400E99E95 /* Build configuration list for PBXProject "MLXSTMBot" */ = {
			isa = XCConfigurationList;
			buildConfigurations = (
				118C259C2EF9A00400E99E95 /* Debug */,
				118C259D2EF9A00400E99E95 /* Release */,
			);
			defaultConfigurationIsVisible = 0;
			defaultConfigurationName = Release;
		};
		118C259E2EF9A00400E99E95 /* Build configuration list for PBXNativeTarget "MLXSTMBot" */ = {
			isa = XCConfigurationList;
			buildConfigurations = (
				118C259F2EF9A00400E99E95 /* Debug */,
				118C25A02EF9A00400E99E95 /* Release */,
			);
			defaultConfigurationIsVisible = 0;
			defaultConfigurationName = Release;
		};
/* End XCConfigurationList section */

/* Begin XCRemoteSwiftPackageReference section */
		118C25A12EF9A06C00E99E95 /* XCRemoteSwiftPackageReference "mlx-swift" */ = {
			isa = XCRemoteSwiftPackageReference;
			repositoryURL = "https://github.com/ml-explore/mlx-swift";
			requirement = {
				kind = upToNextMajorVersion;
				minimumVersion = 0.29.1;
			};
		};
		11FB20B52F01E52A003E876F /* XCRemoteSwiftPackageReference "mlx-swift-examples" */ = {
			isa = XCRemoteSwiftPackageReference;
			repositoryURL = "https://github.com/ml-explore/mlx-swift-examples";
			requirement = {
				kind = upToNextMajorVersion;
				minimumVersion = 2.29.1;
			};
		};
/* End XCRemoteSwiftPackageReference section */

/* Begin XCSwiftPackageProductDependency section */
		118C25A22EF9A06C00E99E95 /* MLX */ = {
			isa = XCSwiftPackageProductDependency;
			package = 118C25A12EF9A06C00E99E95 /* XCRemoteSwiftPackageReference "mlx-swift" */;
			productName = MLX;
		};
		118C25A42EF9A06C00E99E95 /* MLXFFT */ = {
			isa = XCSwiftPackageProductDependency;
			package = 118C25A12EF9A06C00E99E95 /* XCRemoteSwiftPackageReference "mlx-swift" */;
			productName = MLXFFT;
		};
		118C25A62EF9A06C00E99E95 /* MLXFast */ = {
			isa = XCSwiftPackageProductDependency;
			package = 118C25A12EF9A06C00E99E95 /* XCRemoteSwiftPackageReference "mlx-swift" */;
			productName = MLXFast;
		};
		118C25A82EF9A06C00E99E95 /* MLXLinalg */ = {
			isa = XCSwiftPackageProductDependency;
			package = 118C25A12EF9A06C00E99E95 /* XCRemoteSwiftPackageReference "mlx-swift" */;
			productName = MLXLinalg;
		};
		118C25AA2EF9A06C00E99E95 /* MLXNN */ = {
			isa = XCSwiftPackageProductDependency;
			package = 118C25A12EF9A06C00E99E95 /* XCRemoteSwiftPackageReference "mlx-swift" */;
			productName = MLXNN;
		};
		11FB20B62F01E52A003E876F /* MLXEmbedders */ = {
			isa = XCSwiftPackageProductDependency;
			package = 11FB20B52F01E52A003E876F /* XCRemoteSwiftPackageReference "mlx-swift-examples" */;
			productName = MLXEmbedders;
		};
		11FB20B82F01E52A003E876F /* MLXLLM */ = {
			isa = XCSwiftPackageProductDependency;
			package = 11FB20B52F01E52A003E876F /* XCRemoteSwiftPackageReference "mlx-swift-examples" */;
			productName = MLXLLM;
		};
		11FB20BA2F01E52A003E876F /* MLXLMCommon */ = {
			isa = XCSwiftPackageProductDependency;
			package = 11FB20B52F01E52A003E876F /* XCRemoteSwiftPackageReference "mlx-swift-examples" */;
			productName = MLXLMCommon;
		};
/* End XCSwiftPackageProductDependency section */
	};
	rootObject = 118C258F2EF9A00400E99E95 /* Project object */;
}
